{
  "sources": {
    "drupal-solr": {
      "path": "."
    },
    "xhprof": {
      "locked_version": "0.9.0",
      "git": "git://github.com/msonnabaum/chef-xhprof.git",
      "ref": "c709407fe970abe0c9f8f6728e82006f49baad14"
    },
    "drush": {
      "locked_version": "0.1.1",
      "git": "git://github.com/homemade/chef-drush.git",
      "ref": "ffb844461cee546f05a3a1ec6aa946348ce56a83"
    },
    "minitest-handler": {
      "locked_version": "0.2.1"
    },
    "deploy-drupal": {
      "locked_version": "0.0.1",
      "git": "git://github.com/amirkdv/chef-deploy-drupal.git",
      "ref": "80a5715bb51f5b7efed68918f0a133fdfad1e1de"
    },
    "curl": {
      "locked_version": "1.1.0"
    },
    "tomcat": {
      "locked_version": "0.14.2"
    },
    "java": {
      "locked_version": "1.12.0"
    },
    "windows": {
      "locked_version": "1.10.0"
    },
    "chef_handler": {
      "locked_version": "1.1.4"
    },
    "openssl": {
      "locked_version": "1.0.2"
    },
    "php": {
      "locked_version": "1.2.2"
    },
    "build-essential": {
      "locked_version": "1.4.0"
    },
    "xml": {
      "locked_version": "1.1.2"
    },
    "mysql": {
      "locked_version": "3.0.2"
    },
    "apt": {
      "locked_version": "2.0.0"
    },
    "git": {
      "locked_version": "2.5.2"
    },
    "dmg": {
      "locked_version": "1.1.0"
    },
    "yum": {
      "locked_version": "2.3.0"
    },
    "runit": {
      "locked_version": "1.1.6"
    },
    "vim": {
      "locked_version": "1.0.2"
    },
    "apache2": {
      "locked_version": "1.6.6"
    },
    "memcached": {
      "locked_version": "1.4.0"
    },
    "nginx": {
      "locked_version": "1.7.0"
    },
    "ohai": {
      "locked_version": "1.1.10"
    }
  }
}
